
Microsoft Visual Studio Solution File, Format Version 12.00
# Visual Studio Version 16
VisualStudioVersion = 16.0.34601.136
MinimumVisualStudioVersion = 10.0.40219.1
Project("{FAE04EC0-301F-11D3-BF4B-00C04F79EFBC}") = "OpenTK_GitHub", "OpenTK_GitHub\OpenTK_GitHub.csproj", "{08CF1FFF-4089-41FA-B44A-8A4A3DA1E659}"
EndProject
Project("{2150E333-8FDC-42A3-9474-1A3956D46DE8}") = "Solution Items", "Solution Items", "{0F76A66A-DF77-4C88-8DF6-52B2DE7E2479}"
	ProjectSection(SolutionItems) = preProject
		.editorconfig = .editorconfig
	EndProjectSection
EndProject
Global
	GlobalSection(SolutionConfigurationPlatforms) = preSolution
		Debug|Any CPU = Debug|Any CPU
		Release|Any CPU = Release|Any CPU
	EndGlobalSection
	GlobalSection(ProjectConfigurationPlatforms) = postSolution
		{08CF1FFF-4089-41FA-B44A-8A4A3DA1E659}.Debug|Any CPU.ActiveCfg = Debug|Any CPU
		{08CF1FFF-4089-41FA-B44A-8A4A3DA1E659}.Debug|Any CPU.Build.0 = Debug|Any CPU
		{08CF1FFF-4089-41FA-B44A-8A4A3DA1E659}.Release|Any CPU.ActiveCfg = Release|Any CPU
		{08CF1FFF-4089-41FA-B44A-8A4A3DA1E659}.Release|Any CPU.Build.0 = Release|Any CPU
	EndGlobalSection
	GlobalSection(SolutionProperties) = preSolution
		HideSolutionNode = FALSE
	EndGlobalSection
	GlobalSection(ExtensibilityGlobals) = postSolution
		SolutionGuid = {8352FB7F-49DF-4860-8FD9-C9A8FCEA08C6}
	EndGlobalSection
EndGlobal
